PODS:
  - GD (5.0.0.78)

DEPENDENCIES:
  - "GD (from `git@gitlab.com:rogerhu/gd-framework.git`)"

EXTERNAL SOURCES:
  GD:
    :git: "git@gitlab.com:rogerhu/gd-framework.git"

CHECKOUT OPTIONS:
  GD:
    :commit: c49ba9da62064fe6a2e71032bc35382ab0646353
    :git: "git@gitlab.com:rogerhu/gd-framework.git"

SPEC CHECKSUMS:
  GD: ee18f5ced0f11140b27474ac0d0388662b542f00

PODFILE CHECKSUM: 84e85516316dcb1b89757dd1226e777d63c24808

COCOAPODS: 1.5.3
